# This file is automatically @generated by Cargo.
# It is not intended for manual editing.
version = 3

[[package]]
name = "bitflags"
version = "2.3.2"
source = "registry+https://github.com/rust-lang/crates.io-index"
checksum = "6dbe3c979c178231552ecba20214a8272df4e09f232a87aef4320cf06539aded"

[[package]]
name = "lilium-sys"
version = "0.1.0"
source = "git+https://github.com/LiliumOS/lilium-sys#3ce2238e85bac4eabe1de344dc516b06c9fd141f"
dependencies = [
 "bitflags",
 "paste",
 "with_builtin_macros",
]

[[package]]
name = "paste"
version = "1.0.12"
source = "registry+https://github.com/rust-lang/crates.io-index"
checksum = "9f746c4065a8fa3fe23974dd82f15431cc8d40779821001404d10d2e79ca7d79"

[[package]]
name = "proc-macro2"
version = "1.0.62"
source = "registry+https://github.com/rust-lang/crates.io-index"
checksum = "fe8df9bd9fe9d1742a9e17f8129712801b428f6d4c6059d79bacea58f0b0142d"
dependencies = [
 "unicode-ident",
]

[[package]]
name = "quote"
version = "1.0.28"
source = "registry+https://github.com/rust-lang/crates.io-index"
checksum = "1b9ab9c7eadfd8df19006f1cf1a4aed13540ed5cbc047010ece5826e10825488"
dependencies = [
 "proc-macro2",
]

[[package]]
name = "syn"
version = "1.0.109"
source = "registry+https://github.com/rust-lang/crates.io-index"
checksum = "72b64191b275b66ffe2469e8af2c1cfe3bafa67b529ead792a6d0160888b4237"
dependencies = [
 "proc-macro2",
 "quote",
 "unicode-ident",
]

[[package]]
name = "tee"
version = "0.1.0"
dependencies = [
 "lilium-sys",
]

[[package]]
name = "unicode-ident"
version = "1.0.9"
source = "registry+https://github.com/rust-lang/crates.io-index"
checksum = "b15811caf2415fb889178633e7724bad2509101cde276048e013b9def5e51fa0"

[[package]]
name = "with_builtin_macros"
version = "0.0.3"
source = "registry+https://github.com/rust-lang/crates.io-index"
checksum = "a59d55032495429b87f9d69954c6c8602e4d3f3e0a747a12dea6b0b23de685da"
dependencies = [
 "with_builtin_macros-proc_macros",
]

[[package]]
name = "with_builtin_macros-proc_macros"
version = "0.0.3"
source = "registry+https://github.com/rust-lang/crates.io-index"
checksum = "15bd7679c15e22924f53aee34d4e448c45b674feb6129689af88593e129f8f42"
dependencies = [
 "proc-macro2",
 "quote",
 "syn",
]
